// !$*UTF8*$!
{
	archiveVersion = 1;
	classes = {
	};
	objectVersion = 56;
	objects = {

/* Begin PBXBuildFile section */
		4150573228FCD5470068910F /* SpellChecker.cpp in Sources */ = {isa = PBXBuildFile; fileRef = 4150572A28FCD5470068910F /* SpellChecker.cpp */; };
		4150573328FCD5470068910F /* w5_p2.cpp in Sources */ = {isa = PBXBuildFile; fileRef = 4150572D28FCD5470068910F /* w5_p2.cpp */; };
		4150573428FCD5470068910F /* Book.cpp in Sources */ = {isa = PBXBuildFile; fileRef = 4150572F28FCD5470068910F /* Book.cpp */; };
		4150573528FCD5470068910F /* Movie.cpp in Sources */ = {isa = PBXBuildFile; fileRef = 4150573028FCD5470068910F /* Movie.cpp */; };
/* End PBXBuildFile section */

/* Begin PBXCopyFilesBuildPhase section */
		4150571E28FCD52B0068910F /* CopyFiles */ = {
			isa = PBXCopyFilesBuildPhase;
			buildActionMask = 2147483647;
			dstPath = /usr/share/man/man1/;
			dstSubfolderSpec = 0;
			files = (
			);
			runOnlyForDeploymentPostprocessing = 1;
		};
/* End PBXCopyFilesBuildPhase section */

/* Begin PBXFileReference section */
		4150572028FCD52B0068910F /* w5 */ = {isa = PBXFileReference; explicitFileType = "compiled.mach-o.executable"; includeInIndex = 0; path = w5; sourceTree = BUILT_PRODUCTS_DIR; };
		4150572A28FCD5470068910F /* SpellChecker.cpp */ = {isa = PBXFileReference; fileEncoding = 4; lastKnownFileType = sourcecode.cpp.cpp; name = SpellChecker.cpp; path = ../../../../../Downloads/SpellChecker.cpp; sourceTree = "<group>"; };
		4150572B28FCD5470068910F /* SpellChecker.h */ = {isa = PBXFileReference; fileEncoding = 4; lastKnownFileType = sourcecode.c.h; name = SpellChecker.h; path = ../../../../../Downloads/SpellChecker.h; sourceTree = "<group>"; };
		4150572C28FCD5470068910F /* Book.h */ = {isa = PBXFileReference; fileEncoding = 4; lastKnownFileType = sourcecode.c.h; name = Book.h; path = ../../../../../Downloads/Book.h; sourceTree = "<group>"; };
		4150572D28FCD5470068910F /* w5_p2.cpp */ = {isa = PBXFileReference; fileEncoding = 4; lastKnownFileType = sourcecode.cpp.cpp; name = w5_p2.cpp; path = ../../../../../Downloads/w5_p2.cpp; sourceTree = "<group>"; };
		4150572E28FCD5470068910F /* Movie.h */ = {isa = PBXFileReference; fileEncoding = 4; lastKnownFileType = sourcecode.c.h; name = Movie.h; path = ../../../../../Downloads/Movie.h; sourceTree = "<group>"; };
		4150572F28FCD5470068910F /* Book.cpp */ = {isa = PBXFileReference; fileEncoding = 4; lastKnownFileType = sourcecode.cpp.cpp; name = Book.cpp; path = ../../../../../Downloads/Book.cpp; sourceTree = "<group>"; };
		4150573028FCD5470068910F /* Movie.cpp */ = {isa = PBXFileReference; fileEncoding = 4; lastKnownFileType = sourcecode.cpp.cpp; name = Movie.cpp; path = ../../../../../Downloads/Movie.cpp; sourceTree = "<group>"; };
		4150573128FCD5470068910F /* Collection.h */ = {isa = PBXFileReference; fileEncoding = 4; lastKnownFileType = sourcecode.c.h; name = Collection.h; path = ../../../../../Downloads/Collection.h; sourceTree = "<group>"; };
/* End PBXFileReference section */

/* Begin PBXFrameworksBuildPhase section */
		4150571D28FCD52B0068910F /* Frameworks */ = {
			isa = PBXFrameworksBuildPhase;
			buildActionMask = 2147483647;
			files = (
			);
			runOnlyForDeploymentPostprocessing = 0;
		};
/* End PBXFrameworksBuildPhase section */

/* Begin PBXGroup section */
		4150571728FCD52B0068910F = {
			isa = PBXGroup;
			children = (
				4150572228FCD52B0068910F /* w5 */,
				4150572128FCD52B0068910F /* Products */,
			);
			sourceTree = "<group>";
		};
		4150572128FCD52B0068910F /* Products */ = {
			isa = PBXGroup;
			children = (
				4150572028FCD52B0068910F /* w5 */,
			);
			name = Products;
			sourceTree = "<group>";
		};
		4150572228FCD52B0068910F /* w5 */ = {
			isa = PBXGroup;
			children = (
				4150572D28FCD5470068910F /* w5_p2.cpp */,
				4150572F28FCD5470068910F /* Book.cpp */,
				4150572C28FCD5470068910F /* Book.h */,
				4150572B28FCD5470068910F /* SpellChecker.h */,
				4150572A28FCD5470068910F /* SpellChecker.cpp */,
				4150573128FCD5470068910F /* Collection.h */,
				4150573028FCD5470068910F /* Movie.cpp */,
				4150572E28FCD5470068910F /* Movie.h */,
			);
			path = w5;
			sourceTree = "<group>";
		};
/* End PBXGroup section */

/* Begin PBXNativeTarget section */
		4150571F28FCD52B0068910F /* w5 */ = {
			isa = PBXNativeTarget;
			buildConfigurationList = 4150572728FCD52B0068910F /* Build configuration list for PBXNativeTarget "w5" */;
			buildPhases = (
				4150571C28FCD52B0068910F /* Sources */,
				4150571D28FCD52B0068910F /* Frameworks */,
				4150571E28FCD52B0068910F /* CopyFiles */,
			);
			buildRules = (
			);
			dependencies = (
			);
			name = w5;
			productName = w5;
			productReference = 4150572028FCD52B0068910F /* w5 */;
			productType = "com.apple.product-type.tool";
		};
/* End PBXNativeTarget section */

/* Begin PBXProject section */
		4150571828FCD52B0068910F /* Project object */ = {
			isa = PBXProject;
			attributes = {
				BuildIndependentTargetsInParallel = 1;
				LastUpgradeCheck = 1400;
				TargetAttributes = {
					4150571F28FCD52B0068910F = {
						CreatedOnToolsVersion = 14.0.1;
					};
				};
			};
			buildConfigurationList = 4150571B28FCD52B0068910F /* Build configuration list for PBXProject "w5" */;
			compatibilityVersion = "Xcode 14.0";
			developmentRegion = en;
			hasScannedForEncodings = 0;
			knownRegions = (
				en,
				Base,
			);
			mainGroup = 4150571728FCD52B0068910F;
			productRefGroup = 4150572128FCD52B0068910F /* Products */;
			projectDirPath = "";
			projectRoot = "";
			targets = (
				4150571F28FCD52B0068910F /* w5 */,
			);
		};
/* End PBXProject section */

/* Begin PBXSourcesBuildPhase section */
		4150571C28FCD52B0068910F /* Sources */ = {
			isa = PBXSourcesBuildPhase;
			buildActionMask = 2147483647;
			files = (
				4150573428FCD5470068910F /* Book.cpp in Sources */,
				4150573528FCD5470068910F /* Movie.cpp in Sources */,
				4150573328FCD5470068910F /* w5_p2.cpp in Sources */,
				4150573228FCD5470068910F /* SpellChecker.cpp in Sources */,
			);
			runOnlyForDeploymentPostprocessing = 0;
		};
/* End PBXSourcesBuildPhase section */

/* Begin XCBuildConfiguration section */
		4150572528FCD52B0068910F /* Debug */ = {
			isa = XCBuildConfiguration;
			buildSettings = {
				ALWAYS_SEARCH_USER_PATHS = NO;
				CLANG_ANALYZER_NONNULL = YES;
				CLANG_ANALYZER_NUMBER_OBJECT_CONVERSION = YES_AGGRESSIVE;
				CLANG_CXX_LANGUAGE_STANDARD = "gnu++20";
				CLANG_ENABLE_MODULES = YES;
				CLANG_ENABLE_OBJC_ARC = YES;
				CLANG_ENABLE_OBJC_WEAK = YES;
				CLANG_WARN_BLOCK_CAPTURE_AUTORELEASING = YES;
				CLANG_WARN_BOOL_CONVERSION = YES;
				CLANG_WARN_COMMA = YES;
				CLANG_WARN_CONSTANT_CONVERSION = YES;
				CLANG_WARN_DEPRECATED_OBJC_IMPLEMENTATIONS = YES;
				CLANG_WARN_DIRECT_OBJC_ISA_USAGE = YES_ERROR;
				CLANG_WARN_DOCUMENTATION_COMMENTS = YES;
				CLANG_WARN_EMPTY_BODY = YES;
				CLANG_WARN_ENUM_CONVERSION = YES;
				CLANG_WARN_INFINITE_RECURSION = YES;
				CLANG_WARN_INT_CONVERSION = YES;
				CLANG_WARN_NON_LITERAL_NULL_CONVERSION = YES;
				CLANG_WARN_OBJC_IMPLICIT_RETAIN_SELF = YES;
				CLANG_WARN_OBJC_LITERAL_CONVERSION = YES;
				CLANG_WARN_OBJC_ROOT_CLASS = YES_ERROR;
				CLANG_WARN_QUOTED_INCLUDE_IN_FRAMEWORK_HEADER = YES;
				CLANG_WARN_RANGE_LOOP_ANALYSIS = YES;
				CLANG_WARN_STRICT_PROTOTYPES = YES;
				CLANG_WARN_SUSPICIOUS_MOVE = YES;
				CLANG_WARN_UNGUARDED_AVAILABILITY = YES_AGGRESSIVE;
				CLANG_WARN_UNREACHABLE_CODE = YES;
				CLANG_WARN__DUPLICATE_METHOD_MATCH = YES;
				COPY_PHASE_STRIP = NO;
				DEBUG_INFORMATION_FORMAT = dwarf;
				ENABLE_STRICT_OBJC_MSGSEND = YES;
				ENABLE_TESTABILITY = YES;
				GCC_C_LANGUAGE_STANDARD = gnu11;
				GCC_DYNAMIC_NO_PIC = NO;
				GCC_NO_COMMON_BLOCKS = YES;
				GCC_OPTIMIZATION_LEVEL = 0;
				GCC_PREPROCESSOR_DEFINITIONS = (
					"DEBUG=1",
					"$(inherited)",
				);
				GCC_WARN_64_TO_32_BIT_CONVERSION = YES;
				GCC_WARN_ABOUT_RETURN_TYPE = YES_ERROR;
				GCC_WARN_UNDECLARED_SELECTOR = YES;
				GCC_WARN_UNINITIALIZED_AUTOS = YES_AGGRESSIVE;
				GCC_WARN_UNUSED_FUNCTION = YES;
				GCC_WARN_UNUSED_VARIABLE = YES;
				MACOSX_DEPLOYMENT_TARGET = 12.3;
				MTL_ENABLE_DEBUG_INFO = INCLUDE_SOURCE;
				MTL_FAST_MATH = YES;
				ONLY_ACTIVE_ARCH = YES;
				SDKROOT = macosx;
			};
			name = Debug;
		};
		4150572628FCD52B0068910F /* Release */ = {
			isa = XCBuildConfiguration;
			buildSettings = {
				ALWAYS_SEARCH_USER_PATHS = NO;
				CLANG_ANALYZER_NONNULL = YES;
				CLANG_ANALYZER_NUMBER_OBJECT_CONVERSION = YES_AGGRESSIVE;
				CLANG_CXX_LANGUAGE_STANDARD = "gnu++20";
				CLANG_ENABLE_MODULES = YES;
				CLANG_ENABLE_OBJC_ARC = YES;
				CLANG_ENABLE_OBJC_WEAK = YES;
				CLANG_WARN_BLOCK_CAPTURE_AUTORELEASING = YES;
				CLANG_WARN_BOOL_CONVERSION = YES;
				CLANG_WARN_COMMA = YES;
				CLANG_WARN_CONSTANT_CONVERSION = YES;
				CLANG_WARN_DEPRECATED_OBJC_IMPLEMENTATIONS = YES;
				CLANG_WARN_DIRECT_OBJC_ISA_USAGE = YES_ERROR;
				CLANG_WARN_DOCUMENTATION_COMMENTS = YES;
				CLANG_WARN_EMPTY_BODY = YES;
				CLANG_WARN_ENUM_CONVERSION = YES;
				CLANG_WARN_INFINITE_RECURSION = YES;
				CLANG_WARN_INT_CONVERSION = YES;
				CLANG_WARN_NON_LITERAL_NULL_CONVERSION = YES;
				CLANG_WARN_OBJC_IMPLICIT_RETAIN_SELF = YES;
				CLANG_WARN_OBJC_LITERAL_CONVERSION = YES;
				CLANG_WARN_OBJC_ROOT_CLASS = YES_ERROR;
				CLANG_WARN_QUOTED_INCLUDE_IN_FRAMEWORK_HEADER = YES;
				CLANG_WARN_RANGE_LOOP_ANALYSIS = YES;
				CLANG_WARN_STRICT_PROTOTYPES = YES;
				CLANG_WARN_SUSPICIOUS_MOVE = YES;
				CLANG_WARN_UNGUARDED_AVAILABILITY = YES_AGGRESSIVE;
				CLANG_WARN_UNREACHABLE_CODE = YES;
				CLANG_WARN__DUPLICATE_METHOD_MATCH = YES;
				COPY_PHASE_STRIP = NO;
				DEBUG_INFORMATION_FORMAT = "dwarf-with-dsym";
				ENABLE_NS_ASSERTIONS = NO;
				ENABLE_STRICT_OBJC_MSGSEND = YES;
				GCC_C_LANGUAGE_STANDARD = gnu11;
				GCC_NO_COMMON_BLOCKS = YES;
				GCC_WARN_64_TO_32_BIT_CONVERSION = YES;
				GCC_WARN_ABOUT_RETURN_TYPE = YES_ERROR;
				GCC_WARN_UNDECLARED_SELECTOR = YES;
				GCC_WARN_UNINITIALIZED_AUTOS = YES_AGGRESSIVE;
				GCC_WARN_UNUSED_FUNCTION = YES;
				GCC_WARN_UNUSED_VARIABLE = YES;
				MACOSX_DEPLOYMENT_TARGET = 12.3;
				MTL_ENABLE_DEBUG_INFO = NO;
				MTL_FAST_MATH = YES;
				SDKROOT = macosx;
			};
			name = Release;
		};
		4150572828FCD52B0068910F /* Debug */ = {
			isa = XCBuildConfiguration;
			buildSettings = {
				CODE_SIGN_STYLE = Automatic;
				DEVELOPMENT_TEAM = R7RZX73799;
				ENABLE_HARDENED_RUNTIME = YES;
				PRODUCT_NAME = "$(TARGET_NAME)";
			};
			name = Debug;
		};
		4150572928FCD52B0068910F /* Release */ = {
			isa = XCBuildConfiguration;
			buildSettings = {
				CODE_SIGN_STYLE = Automatic;
				DEVELOPMENT_TEAM = R7RZX73799;
				ENABLE_HARDENED_RUNTIME = YES;
				PRODUCT_NAME = "$(TARGET_NAME)";
			};
			name = Release;
		};
/* End XCBuildConfiguration section */

/* Begin XCConfigurationList section */
		4150571B28FCD52B0068910F /* Build configuration list for PBXProject "w5" */ = {
			isa = XCConfigurationList;
			buildConfigurations = (
				4150572528FCD52B0068910F /* Debug */,
				4150572628FCD52B0068910F /* Release */,
			);
			defaultConfigurationIsVisible = 0;
			defaultConfigurationName = Release;
		};
		4150572728FCD52B0068910F /* Build configuration list for PBXNativeTarget "w5" */ = {
			isa = XCConfigurationList;
			buildConfigurations = (
				4150572828FCD52B0068910F /* Debug */,
				4150572928FCD52B0068910F /* Release */,
			);
			defaultConfigurationIsVisible = 0;
			defaultConfigurationName = Release;
		};
/* End XCConfigurationList section */
	};
	rootObject = 4150571828FCD52B0068910F /* Project object */;
}
